// !$*UTF8*$!
{
	archiveVersion = 1;
	classes = {
	};
	objectVersion = 50;
	objects = {

/* Begin PBXBuildFile section */
		FB56198F245131B400ED364D /* Question.swift in Sources */ = {isa = PBXBuildFile; fileRef = FB56198E245131B400ED364D /* Question.swift */; };
		FB777CEF244E31F700F02C54 /* AppDelegate.swift in Sources */ = {isa = PBXBuildFile; fileRef = FB777CEE244E31F700F02C54 /* AppDelegate.swift */; };
		FB777CF1244E31F700F02C54 /* SceneDelegate.swift in Sources */ = {isa = PBXBuildFile; fileRef = FB777CF0244E31F700F02C54 /* SceneDelegate.swift */; };
		FB777CF3244E31F700F02C54 /* ViewController.swift in Sources */ = {isa = PBXBuildFile; fileRef = FB777CF2244E31F700F02C54 /* ViewController.swift */; };
		FB777CF6244E31F700F02C54 /* Main.storyboard in Resources */ = {isa = PBXBuildFile; fileRef = FB777CF4244E31F700F02C54 /* Main.storyboard */; };
		FB777CF8244E31F700F02C54 /* Assets.xcassets in Resources */ = {isa = PBXBuildFile; fileRef = FB777CF7244E31F700F02C54 /* Assets.xcassets */; };
		FB777CFB244E31F700F02C54 /* LaunchScreen.storyboard in Resources */ = {isa = PBXBuildFile; fileRef = FB777CF9244E31F700F02C54 /* LaunchScreen.storyboard */; };
/* End PBXBuildFile section */

/* Begin PBXFileReference section */
		FB56198E245131B400ED364D /* Question.swift */ = {isa = PBXFileReference; lastKnownFileType = sourcecode.swift; path = Question.swift; sourceTree = "<group>"; };
		FB777CEB244E31F700F02C54 /* Quizlet.app */ = {isa = PBXFileReference; explicitFileType = wrapper.application; includeInIndex = 0; path = Quizlet.app; sourceTree = BUILT_PRODUCTS_DIR; };
		FB777CEE244E31F700F02C54 /* AppDelegate.swift */ = {isa = PBXFileReference; lastKnownFileType = sourcecode.swift; path = AppDelegate.swift; sourceTree = "<group>"; };
		FB777CF0244E31F700F02C54 /* SceneDelegate.swift */ = {isa = PBXFileReference; lastKnownFileType = sourcecode.swift; path = SceneDelegate.swift; sourceTree = "<group>"; };
		FB777CF2244E31F700F02C54 /* ViewController.swift */ = {isa = PBXFileReference; lastKnownFileType = sourcecode.swift; path = ViewController.swift; sourceTree = "<group>"; };
		FB777CF5244E31F700F02C54 /* Base */ = {isa = PBXFileReference; lastKnownFileType = file.storyboard; name = Base; path = Base.lproj/Main.storyboard; sourceTree = "<group>"; };
		FB777CF7244E31F700F02C54 /* Assets.xcassets */ = {isa = PBXFileReference; lastKnownFileType = folder.assetcatalog; path = Assets.xcassets; sourceTree = "<group>"; };
		FB777CFA244E31F700F02C54 /* Base */ = {isa = PBXFileReference; lastKnownFileType = file.storyboard; name = Base; path = Base.lproj/LaunchScreen.storyboard; sourceTree = "<group>"; };
		FB777CFC244E31F700F02C54 /* Info.plist */ = {isa = PBXFileReference; lastKnownFileType = text.plist.xml; path = Info.plist; sourceTree = "<group>"; };
/* End PBXFileReference section */

/* Begin PBXFrameworksBuildPhase section */
		FB777CE8244E31F700F02C54 /* Frameworks */ = {
			isa = PBXFrameworksBuildPhase;
			buildActionMask = 2147483647;
			files = (
			);
			runOnlyForDeploymentPostprocessing = 0;
		};
/* End PBXFrameworksBuildPhase section */

/* Begin PBXGroup section */
		FB777CE2244E31F700F02C54 = {
			isa = PBXGroup;
			children = (
				FB777CED244E31F700F02C54 /* Quizlet */,
				FB777CEC244E31F700F02C54 /* Products */,
			);
			sourceTree = "<group>";
		};
		FB777CEC244E31F700F02C54 /* Products */ = {
			isa = PBXGroup;
			children = (
				FB777CEB244E31F700F02C54 /* Quizlet.app */,
			);
			name = Products;
			sourceTree = "<group>";
		};
		FB777CED244E31F700F02C54 /* Quizlet */ = {
			isa = PBXGroup;
			children = (
				FB777CEE244E31F700F02C54 /* AppDelegate.swift */,
				FB777CF0244E31F700F02C54 /* SceneDelegate.swift */,
				FB777CF2244E31F700F02C54 /* ViewController.swift */,
				FB777CF4244E31F700F02C54 /* Main.storyboard */,
				FB777CF7244E31F700F02C54 /* Assets.xcassets */,
				FB777CF9244E31F700F02C54 /* LaunchScreen.storyboard */,
				FB777CFC244E31F700F02C54 /* Info.plist */,
				FB56198E245131B400ED364D /* Question.swift */,
			);
			path = Quizlet;
			sourceTree = "<group>";
		};
/* End PBXGroup section */

/* Begin PBXNativeTarget section */
		FB777CEA244E31F700F02C54 /* Quizlet */ = {
			isa = PBXNativeTarget;
			buildConfigurationList = FB777CFF244E31F700F02C54 /* Build configuration list for PBXNativeTarget "Quizlet" */;
			buildPhases = (
				FB777CE7244E31F700F02C54 /* Sources */,
				FB777CE8244E31F700F02C54 /* Frameworks */,
				FB777CE9244E31F700F02C54 /* Resources */,
			);
			buildRules = (
			);
			dependencies = (
			);
			name = Quizlet;
			productName = Quizlet;
			productReference = FB777CEB244E31F700F02C54 /* Quizlet.app */;
			productType = "com.apple.product-type.application";
		};
/* End PBXNativeTarget section */

/* Begin PBXProject section */
		FB777CE3244E31F700F02C54 /* Project object */ = {
			isa = PBXProject;
			attributes = {
				LastSwiftUpdateCheck = 1140;
				LastUpgradeCheck = 1140;
				ORGANIZATIONNAME = "Bryan Dang";
				TargetAttributes = {
					FB777CEA244E31F700F02C54 = {
						CreatedOnToolsVersion = 11.4.1;
					};
				};
			};
			buildConfigurationList = FB777CE6244E31F700F02C54 /* Build configuration list for PBXProject "Quizlet" */;
			compatibilityVersion = "Xcode 9.3";
			developmentRegion = en;
			hasScannedForEncodings = 0;
			knownRegions = (
				en,
				Base,
			);
			mainGroup = FB777CE2244E31F700F02C54;
			productRefGroup = FB777CEC244E31F700F02C54 /* Products */;
			projectDirPath = "";
			projectRoot = "";
			targets = (
				FB777CEA244E31F700F02C54 /* Quizlet */,
			);
		};
/* End PBXProject section */

/* Begin PBXResourcesBuildPhase section */
		FB777CE9244E31F700F02C54 /* Resources */ = {
			isa = PBXResourcesBuildPhase;
			buildActionMask = 2147483647;
			files = (
				FB777CFB244E31F700F02C54 /* LaunchScreen.storyboard in Resources */,
				FB777CF8244E31F700F02C54 /* Assets.xcassets in Resources */,
				FB777CF6244E31F700F02C54 /* Main.storyboard in Resources */,
			);
			runOnlyForDeploymentPostprocessing = 0;
		};
/* End PBXResourcesBuildPhase section */

/* Begin PBXSourcesBuildPhase section */
		FB777CE7244E31F700F02C54 /* Sources */ = {
			isa = PBXSourcesBuildPhase;
			buildActionMask = 2147483647;
			files = (
				FB777CF3244E31F700F02C54 /* ViewController.swift in Sources */,
				FB56198F245131B400ED364D /* Question.swift in Sources */,
				FB777CEF244E31F700F02C54 /* AppDelegate.swift in Sources */,
				FB777CF1244E31F700F02C54 /* SceneDelegate.swift in Sources */,
			);
			runOnlyForDeploymentPostprocessing = 0;
		};
/* End PBXSourcesBuildPhase section */

/* Begin PBXVariantGroup section */
		FB777CF4244E31F700F02C54 /* Main.storyboard */ = {
			isa = PBXVariantGroup;
			children = (
				FB777CF5244E31F700F02C54 /* Base */,
			);
			name = Main.storyboard;
			sourceTree = "<group>";
		};
		FB777CF9244E31F700F02C54 /* LaunchScreen.storyboard */ = {
			isa = PBXVariantGroup;
			children = (
				FB777CFA244E31F700F02C54 /* Base */,
			);
			name = LaunchScreen.storyboard;
			sourceTree = "<group>";
		};
/* End PBXVariantGroup section */

/* Begin XCBuildConfiguration section */
		FB777CFD244E31F700F02C54 /* Debug */ = {
			isa = XCBuildConfiguration;
			buildSettings = {
				ALWAYS_SEARCH_USER_PATHS = NO;
				CLANG_ANALYZER_NONNULL = YES;
				CLANG_ANALYZER_NUMBER_OBJECT_CONVERSION = YES_AGGRESSIVE;
				CLANG_CXX_LANGUAGE_STANDARD = "gnu++14";
				CLANG_CXX_LIBRARY = "libc++";
				CLANG_ENABLE_MODULES = YES;
				CLANG_ENABLE_OBJC_ARC = YES;
				CLANG_ENABLE_OBJC_WEAK = YES;
				CLANG_WARN_BLOCK_CAPTURE_AUTORELEASING = YES;
				CLANG_WARN_BOOL_CONVERSION = YES;
				CLANG_WARN_COMMA = YES;
				CLANG_WARN_CONSTANT_CONVERSION = YES;
				CLANG_WARN_DEPRECATED_OBJC_IMPLEMENTATIONS = YES;
				CLANG_WARN_DIRECT_OBJC_ISA_USAGE = YES_ERROR;
				CLANG_WARN_DOCUMENTATION_COMMENTS = YES;
				CLANG_WARN_EMPTY_BODY = YES;
				CLANG_WARN_ENUM_CONVERSION = YES;
				CLANG_WARN_INFINITE_RECURSION = YES;
				CLANG_WARN_INT_CONVERSION = YES;
				CLANG_WARN_NON_LITERAL_NULL_CONVERSION = YES;
				CLANG_WARN_OBJC_IMPLICIT_RETAIN_SELF = YES;
				CLANG_WARN_OBJC_LITERAL_CONVERSION = YES;
				CLANG_WARN_OBJC_ROOT_CLASS = YES_ERROR;
				CLANG_WARN_RANGE_LOOP_ANALYSIS = YES;
				CLANG_WARN_STRICT_PROTOTYPES = YES;
				CLANG_WARN_SUSPICIOUS_MOVE = YES;
				CLANG_WARN_UNGUARDED_AVAILABILITY = YES_AGGRESSIVE;
				CLANG_WARN_UNREACHABLE_CODE = YES;
				CLANG_WARN__DUPLICATE_METHOD_MATCH = YES;
				COPY_PHASE_STRIP = NO;
				DEBUG_INFORMATION_FORMAT = dwarf;
				ENABLE_STRICT_OBJC_MSGSEND = YES;
				ENABLE_TESTABILITY = YES;
				GCC_C_LANGUAGE_STANDARD = gnu11;
				GCC_DYNAMIC_NO_PIC = NO;
				GCC_NO_COMMON_BLOCKS = YES;
				GCC_OPTIMIZATION_LEVEL = 0;
				GCC_PREPROCESSOR_DEFINITIONS = (
					"DEBUG=1",
					"$(inherited)",
				);
				GCC_WARN_64_TO_32_BIT_CONVERSION = YES;
				GCC_WARN_ABOUT_RETURN_TYPE = YES_ERROR;
				GCC_WARN_UNDECLARED_SELECTOR = YES;
				GCC_WARN_UNINITIALIZED_AUTOS = YES_AGGRESSIVE;
				GCC_WARN_UNUSED_FUNCTION = YES;
				GCC_WARN_UNUSED_VARIABLE = YES;
				IPHONEOS_DEPLOYMENT_TARGET = 13.4;
				MTL_ENABLE_DEBUG_INFO = INCLUDE_SOURCE;
				MTL_FAST_MATH = YES;
				ONLY_ACTIVE_ARCH = YES;
				SDKROOT = iphoneos;
				SWIFT_ACTIVE_COMPILATION_CONDITIONS = DEBUG;
				SWIFT_OPTIMIZATION_LEVEL = "-Onone";
			};
			name = Debug;
		};
		FB777CFE244E31F700F02C54 /* Release */ = {
			isa = XCBuildConfiguration;
			buildSettings = {
				ALWAYS_SEARCH_USER_PATHS = NO;
				CLANG_ANALYZER_NONNULL = YES;
				CLANG_ANALYZER_NUMBER_OBJECT_CONVERSION = YES_AGGRESSIVE;
				CLANG_CXX_LANGUAGE_STANDARD = "gnu++14";
				CLANG_CXX_LIBRARY = "libc++";
				CLANG_ENABLE_MODULES = YES;
				CLANG_ENABLE_OBJC_ARC = YES;
				CLANG_ENABLE_OBJC_WEAK = YES;
				CLANG_WARN_BLOCK_CAPTURE_AUTORELEASING = YES;
				CLANG_WARN_BOOL_CONVERSION = YES;
				CLANG_WARN_COMMA = YES;
				CLANG_WARN_CONSTANT_CONVERSION = YES;
				CLANG_WARN_DEPRECATED_OBJC_IMPLEMENTATIONS = YES;
				CLANG_WARN_DIRECT_OBJC_ISA_USAGE = YES_ERROR;
				CLANG_WARN_DOCUMENTATION_COMMENTS = YES;
				CLANG_WARN_EMPTY_BODY = YES;
				CLANG_WARN_ENUM_CONVERSION = YES;
				CLANG_WARN_INFINITE_RECURSION = YES;
				CLANG_WARN_INT_CONVERSION = YES;
				CLANG_WARN_NON_LITERAL_NULL_CONVERSION = YES;
				CLANG_WARN_OBJC_IMPLICIT_RETAIN_SELF = YES;
				CLANG_WARN_OBJC_LITERAL_CONVERSION = YES;
				CLANG_WARN_OBJC_ROOT_CLASS = YES_ERROR;
				CLANG_WARN_RANGE_LOOP_ANALYSIS = YES;
				CLANG_WARN_STRICT_PROTOTYPES = YES;
				CLANG_WARN_SUSPICIOUS_MOVE = YES;
				CLANG_WARN_UNGUARDED_AVAILABILITY = YES_AGGRESSIVE;
				CLANG_WARN_UNREACHABLE_CODE = YES;
				CLANG_WARN__DUPLICATE_METHOD_MATCH = YES;
				COPY_PHASE_STRIP = NO;
				DEBUG_INFORMATION_FORMAT = "dwarf-with-dsym";
				ENABLE_NS_ASSERTIONS = NO;
				ENABLE_STRICT_OBJC_MSGSEND = YES;
				GCC_C_LANGUAGE_STANDARD = gnu11;
				GCC_NO_COMMON_BLOCKS = YES;
				GCC_WARN_64_TO_32_BIT_CONVERSION = YES;
				GCC_WARN_ABOUT_RETURN_TYPE = YES_ERROR;
				GCC_WARN_UNDECLARED_SELECTOR = YES;
				GCC_WARN_UNINITIALIZED_AUTOS = YES_AGGRESSIVE;
				GCC_WARN_UNUSED_FUNCTION = YES;
				GCC_WARN_UNUSED_VARIABLE = YES;
				IPHONEOS_DEPLOYMENT_TARGET = 13.4;
				MTL_ENABLE_DEBUG_INFO = NO;
				MTL_FAST_MATH = YES;
				SDKROOT = iphoneos;
				SWIFT_COMPILATION_MODE = wholemodule;
				SWIFT_OPTIMIZATION_LEVEL = "-O";
				VALIDATE_PRODUCT = YES;
			};
			name = Release;
		};
		FB777D00244E31F700F02C54 /* Debug */ = {
			isa = XCBuildConfiguration;
			buildSettings = {
				ASSETCATALOG_COMPILER_APPICON_NAME = AppIcon;
				CODE_SIGN_STYLE = Automatic;
				DEVELOPMENT_TEAM = 3CHB4SGWSW;
				INFOPLIST_FILE = Quizlet/Info.plist;
				LD_RUNPATH_SEARCH_PATHS = (
					"$(inherited)",
					"@executable_path/Frameworks",
				);
				PRODUCT_BUNDLE_IDENTIFIER = co.DangFit.Quizlet;
				PRODUCT_NAME = "$(TARGET_NAME)";
				SWIFT_VERSION = 5.0;
				TARGETED_DEVICE_FAMILY = "1,2";
			};
			name = Debug;
		};
		FB777D01244E31F700F02C54 /* Release */ = {
			isa = XCBuildConfiguration;
			buildSettings = {
				ASSETCATALOG_COMPILER_APPICON_NAME = AppIcon;
				CODE_SIGN_STYLE = Automatic;
				DEVELOPMENT_TEAM = 3CHB4SGWSW;
				INFOPLIST_FILE = Quizlet/Info.plist;
				LD_RUNPATH_SEARCH_PATHS = (
					"$(inherited)",
					"@executable_path/Frameworks",
				);
				PRODUCT_BUNDLE_IDENTIFIER = co.DangFit.Quizlet;
				PRODUCT_NAME = "$(TARGET_NAME)";
				SWIFT_VERSION = 5.0;
				TARGETED_DEVICE_FAMILY = "1,2";
			};
			name = Release;
		};
/* End XCBuildConfiguration section */

/* Begin XCConfigurationList section */
		FB777CE6244E31F700F02C54 /* Build configuration list for PBXProject "Quizlet" */ = {
			isa = XCConfigurationList;
			buildConfigurations = (
				FB777CFD244E31F700F02C54 /* Debug */,
				FB777CFE244E31F700F02C54 /* Release */,
			);
			defaultConfigurationIsVisible = 0;
			defaultConfigurationName = Release;
		};
		FB777CFF244E31F700F02C54 /* Build configuration list for PBXNativeTarget "Quizlet" */ = {
			isa = XCConfigurationList;
			buildConfigurations = (
				FB777D00244E31F700F02C54 /* Debug */,
				FB777D01244E31F700F02C54 /* Release */,
			);
			defaultConfigurationIsVisible = 0;
			defaultConfigurationName = Release;
		};
/* End XCConfigurationList section */
	};
	rootObject = FB777CE3244E31F700F02C54 /* Project object */;
}
